
Microsoft Visual Studio Solution File, Format Version 12.00
# Visual Studio Version 17
VisualStudioVersion = 17.0.31903.59
MinimumVisualStudioVersion = 10.0.40219.1
Project("{2150E333-8FDC-42A3-9474-1A3956D46DE8}") = "src", "src", "{827E0CD3-B72D-47B6-A68D-7590B98EB39B}"
EndProject
Project("{FAE04EC0-301F-11D3-BF4B-00C04F79EFBC}") = "HistoriasPaolin.Api", "src\HistoriasPaolin.Api\HistoriasPaolin.Api.csproj", "{7EABA722-9136-40F0-B4AA-F8C766CB1D4C}"
EndProject
Project("{FAE04EC0-301F-11D3-BF4B-00C04F79EFBC}") = "HistoriasPaolin.Application", "src\HistoriasPaolin.Application\HistoriasPaolin.Application.csproj", "{8F6F84F3-D4E2-44F5-9265-675E96AFF97D}"
EndProject
Project("{FAE04EC0-301F-11D3-BF4B-00C04F79EFBC}") = "HistoriasPaolin.Domain", "src\HistoriasPaolin.Domain\HistoriasPaolin.Domain.csproj", "{798889BD-0A51-43FE-9A99-B588095ACB1C}"
EndProject
Project("{FAE04EC0-301F-11D3-BF4B-00C04F79EFBC}") = "HistoriasPaolin.Contracts", "src\HistoriasPaolin.Contracts\HistoriasPaolin.Contracts.csproj", "{0139F092-61BA-4248-B570-7E6AC5AC26D3}"
EndProject
Project("{FAE04EC0-301F-11D3-BF4B-00C04F79EFBC}") = "HistoriasPaolin.Infrastructure", "src\HistoriasPaolin.Infrastructure\HistoriasPaolin.Infrastructure.csproj", "{B18F428C-6A36-40CD-A8E5-BB338B618278}"
EndProject
Project("{FAE04EC0-301F-11D3-BF4B-00C04F79EFBC}") = "HistoriasPaolin.Worker", "src\HistoriasPaolin.Worker\HistoriasPaolin.Worker.csproj", "{2FE88668-1A9B-4CA4-8638-BDA0808CFD92}"
EndProject
Project("{2150E333-8FDC-42A3-9474-1A3956D46DE8}") = "tests", "tests", "{0AB3BF05-4346-4AA6-1389-037BE0695223}"
EndProject
Project("{FAE04EC0-301F-11D3-BF4B-00C04F79EFBC}") = "HistoriasPaolin.Tests", "tests\HistoriasPaolin.Tests\HistoriasPaolin.Tests.csproj", "{95C759DE-6405-4B16-9F1A-DC9FE754B13B}"
EndProject
Project("{FAE04EC0-301F-11D3-BF4B-00C04F79EFBC}") = "HistoriasPaolin.IntegrationTests", "tests\HistoriasPaolin.IntegrationTests\HistoriasPaolin.IntegrationTests.csproj", "{BD5E4A7B-2E79-48D5-B935-481D9A8D0160}"
EndProject
Global
	GlobalSection(SolutionConfigurationPlatforms) = preSolution
		Debug|Any CPU = Debug|Any CPU
		Debug|x64 = Debug|x64
		Debug|x86 = Debug|x86
		Release|Any CPU = Release|Any CPU
		Release|x64 = Release|x64
		Release|x86 = Release|x86
	EndGlobalSection
	GlobalSection(ProjectConfigurationPlatforms) = postSolution
		{7EABA722-9136-40F0-B4AA-F8C766CB1D4C}.Debug|Any CPU.ActiveCfg = Debug|Any CPU
		{7EABA722-9136-40F0-B4AA-F8C766CB1D4C}.Debug|Any CPU.Build.0 = Debug|Any CPU
		{7EABA722-9136-40F0-B4AA-F8C766CB1D4C}.Debug|x64.ActiveCfg = Debug|Any CPU
		{7EABA722-9136-40F0-B4AA-F8C766CB1D4C}.Debug|x64.Build.0 = Debug|Any CPU
		{7EABA722-9136-40F0-B4AA-F8C766CB1D4C}.Debug|x86.ActiveCfg = Debug|Any CPU
		{7EABA722-9136-40F0-B4AA-F8C766CB1D4C}.Debug|x86.Build.0 = Debug|Any CPU
		{7EABA722-9136-40F0-B4AA-F8C766CB1D4C}.Release|Any CPU.ActiveCfg = Release|Any CPU
		{7EABA722-9136-40F0-B4AA-F8C766CB1D4C}.Release|Any CPU.Build.0 = Release|Any CPU
		{7EABA722-9136-40F0-B4AA-F8C766CB1D4C}.Release|x64.ActiveCfg = Release|Any CPU
		{7EABA722-9136-40F0-B4AA-F8C766CB1D4C}.Release|x64.Build.0 = Release|Any CPU
		{7EABA722-9136-40F0-B4AA-F8C766CB1D4C}.Release|x86.ActiveCfg = Release|Any CPU
		{7EABA722-9136-40F0-B4AA-F8C766CB1D4C}.Release|x86.Build.0 = Release|Any CPU
		{8F6F84F3-D4E2-44F5-9265-675E96AFF97D}.Debug|Any CPU.ActiveCfg = Debug|Any CPU
		{8F6F84F3-D4E2-44F5-9265-675E96AFF97D}.Debug|Any CPU.Build.0 = Debug|Any CPU
		{8F6F84F3-D4E2-44F5-9265-675E96AFF97D}.Debug|x64.ActiveCfg = Debug|Any CPU
		{8F6F84F3-D4E2-44F5-9265-675E96AFF97D}.Debug|x64.Build.0 = Debug|Any CPU
		{8F6F84F3-D4E2-44F5-9265-675E96AFF97D}.Debug|x86.ActiveCfg = Debug|Any CPU
		{8F6F84F3-D4E2-44F5-9265-675E96AFF97D}.Debug|x86.Build.0 = Debug|Any CPU
		{8F6F84F3-D4E2-44F5-9265-675E96AFF97D}.Release|Any CPU.ActiveCfg = Release|Any CPU
		{8F6F84F3-D4E2-44F5-9265-675E96AFF97D}.Release|Any CPU.Build.0 = Release|Any CPU
		{8F6F84F3-D4E2-44F5-9265-675E96AFF97D}.Release|x64.ActiveCfg = Release|Any CPU
		{8F6F84F3-D4E2-44F5-9265-675E96AFF97D}.Release|x64.Build.0 = Release|Any CPU
		{8F6F84F3-D4E2-44F5-9265-675E96AFF97D}.Release|x86.ActiveCfg = Release|Any CPU
		{8F6F84F3-D4E2-44F5-9265-675E96AFF97D}.Release|x86.Build.0 = Release|Any CPU
		{798889BD-0A51-43FE-9A99-B588095ACB1C}.Debug|Any CPU.ActiveCfg = Debug|Any CPU
		{798889BD-0A51-43FE-9A99-B588095ACB1C}.Debug|Any CPU.Build.0 = Debug|Any CPU
		{798889BD-0A51-43FE-9A99-B588095ACB1C}.Debug|x64.ActiveCfg = Debug|Any CPU
		{798889BD-0A51-43FE-9A99-B588095ACB1C}.Debug|x64.Build.0 = Debug|Any CPU
		{798889BD-0A51-43FE-9A99-B588095ACB1C}.Debug|x86.ActiveCfg = Debug|Any CPU
		{798889BD-0A51-43FE-9A99-B588095ACB1C}.Debug|x86.Build.0 = Debug|Any CPU
		{798889BD-0A51-43FE-9A99-B588095ACB1C}.Release|Any CPU.ActiveCfg = Release|Any CPU
		{798889BD-0A51-43FE-9A99-B588095ACB1C}.Release|Any CPU.Build.0 = Release|Any CPU
		{798889BD-0A51-43FE-9A99-B588095ACB1C}.Release|x64.ActiveCfg = Release|Any CPU
		{798889BD-0A51-43FE-9A99-B588095ACB1C}.Release|x64.Build.0 = Release|Any CPU
		{798889BD-0A51-43FE-9A99-B588095ACB1C}.Release|x86.ActiveCfg = Release|Any CPU
		{798889BD-0A51-43FE-9A99-B588095ACB1C}.Release|x86.Build.0 = Release|Any CPU
		{0139F092-61BA-4248-B570-7E6AC5AC26D3}.Debug|Any CPU.ActiveCfg = Debug|Any CPU
		{0139F092-61BA-4248-B570-7E6AC5AC26D3}.Debug|Any CPU.Build.0 = Debug|Any CPU
		{0139F092-61BA-4248-B570-7E6AC5AC26D3}.Debug|x64.ActiveCfg = Debug|Any CPU
		{0139F092-61BA-4248-B570-7E6AC5AC26D3}.Debug|x64.Build.0 = Debug|Any CPU
		{0139F092-61BA-4248-B570-7E6AC5AC26D3}.Debug|x86.ActiveCfg = Debug|Any CPU
		{0139F092-61BA-4248-B570-7E6AC5AC26D3}.Debug|x86.Build.0 = Debug|Any CPU
		{0139F092-61BA-4248-B570-7E6AC5AC26D3}.Release|Any CPU.ActiveCfg = Release|Any CPU
		{0139F092-61BA-4248-B570-7E6AC5AC26D3}.Release|Any CPU.Build.0 = Release|Any CPU
		{0139F092-61BA-4248-B570-7E6AC5AC26D3}.Release|x64.ActiveCfg = Release|Any CPU
		{0139F092-61BA-4248-B570-7E6AC5AC26D3}.Release|x64.Build.0 = Release|Any CPU
		{0139F092-61BA-4248-B570-7E6AC5AC26D3}.Release|x86.ActiveCfg = Release|Any CPU
		{0139F092-61BA-4248-B570-7E6AC5AC26D3}.Release|x86.Build.0 = Release|Any CPU
		{B18F428C-6A36-40CD-A8E5-BB338B618278}.Debug|Any CPU.ActiveCfg = Debug|Any CPU
		{B18F428C-6A36-40CD-A8E5-BB338B618278}.Debug|Any CPU.Build.0 = Debug|Any CPU
		{B18F428C-6A36-40CD-A8E5-BB338B618278}.Debug|x64.ActiveCfg = Debug|Any CPU
		{B18F428C-6A36-40CD-A8E5-BB338B618278}.Debug|x64.Build.0 = Debug|Any CPU
		{B18F428C-6A36-40CD-A8E5-BB338B618278}.Debug|x86.ActiveCfg = Debug|Any CPU
		{B18F428C-6A36-40CD-A8E5-BB338B618278}.Debug|x86.Build.0 = Debug|Any CPU
		{B18F428C-6A36-40CD-A8E5-BB338B618278}.Release|Any CPU.ActiveCfg = Release|Any CPU
		{B18F428C-6A36-40CD-A8E5-BB338B618278}.Release|Any CPU.Build.0 = Release|Any CPU
		{B18F428C-6A36-40CD-A8E5-BB338B618278}.Release|x64.ActiveCfg = Release|Any CPU
		{B18F428C-6A36-40CD-A8E5-BB338B618278}.Release|x64.Build.0 = Release|Any CPU
		{B18F428C-6A36-40CD-A8E5-BB338B618278}.Release|x86.ActiveCfg = Release|Any CPU
		{B18F428C-6A36-40CD-A8E5-BB338B618278}.Release|x86.Build.0 = Release|Any CPU
		{2FE88668-1A9B-4CA4-8638-BDA0808CFD92}.Debug|Any CPU.ActiveCfg = Debug|Any CPU
		{2FE88668-1A9B-4CA4-8638-BDA0808CFD92}.Debug|Any CPU.Build.0 = Debug|Any CPU
		{2FE88668-1A9B-4CA4-8638-BDA0808CFD92}.Debug|x64.ActiveCfg = Debug|Any CPU
		{2FE88668-1A9B-4CA4-8638-BDA0808CFD92}.Debug|x64.Build.0 = Debug|Any CPU
		{2FE88668-1A9B-4CA4-8638-BDA0808CFD92}.Debug|x86.ActiveCfg = Debug|Any CPU
		{2FE88668-1A9B-4CA4-8638-BDA0808CFD92}.Debug|x86.Build.0 = Debug|Any CPU
		{2FE88668-1A9B-4CA4-8638-BDA0808CFD92}.Release|Any CPU.ActiveCfg = Release|Any CPU
		{2FE88668-1A9B-4CA4-8638-BDA0808CFD92}.Release|Any CPU.Build.0 = Release|Any CPU
		{2FE88668-1A9B-4CA4-8638-BDA0808CFD92}.Release|x64.ActiveCfg = Release|Any CPU
		{2FE88668-1A9B-4CA4-8638-BDA0808CFD92}.Release|x64.Build.0 = Release|Any CPU
		{2FE88668-1A9B-4CA4-8638-BDA0808CFD92}.Release|x86.ActiveCfg = Release|Any CPU
		{2FE88668-1A9B-4CA4-8638-BDA0808CFD92}.Release|x86.Build.0 = Release|Any CPU
		{95C759DE-6405-4B16-9F1A-DC9FE754B13B}.Debug|Any CPU.ActiveCfg = Debug|Any CPU
		{95C759DE-6405-4B16-9F1A-DC9FE754B13B}.Debug|Any CPU.Build.0 = Debug|Any CPU
		{95C759DE-6405-4B16-9F1A-DC9FE754B13B}.Debug|x64.ActiveCfg = Debug|Any CPU
		{95C759DE-6405-4B16-9F1A-DC9FE754B13B}.Debug|x64.Build.0 = Debug|Any CPU
		{95C759DE-6405-4B16-9F1A-DC9FE754B13B}.Debug|x86.ActiveCfg = Debug|Any CPU
		{95C759DE-6405-4B16-9F1A-DC9FE754B13B}.Debug|x86.Build.0 = Debug|Any CPU
		{95C759DE-6405-4B16-9F1A-DC9FE754B13B}.Release|Any CPU.ActiveCfg = Release|Any CPU
		{95C759DE-6405-4B16-9F1A-DC9FE754B13B}.Release|Any CPU.Build.0 = Release|Any CPU
		{95C759DE-6405-4B16-9F1A-DC9FE754B13B}.Release|x64.ActiveCfg = Release|Any CPU
		{95C759DE-6405-4B16-9F1A-DC9FE754B13B}.Release|x64.Build.0 = Release|Any CPU
		{95C759DE-6405-4B16-9F1A-DC9FE754B13B}.Release|x86.ActiveCfg = Release|Any CPU
		{95C759DE-6405-4B16-9F1A-DC9FE754B13B}.Release|x86.Build.0 = Release|Any CPU
		{BD5E4A7B-2E79-48D5-B935-481D9A8D0160}.Debug|Any CPU.ActiveCfg = Debug|Any CPU
		{BD5E4A7B-2E79-48D5-B935-481D9A8D0160}.Debug|Any CPU.Build.0 = Debug|Any CPU
		{BD5E4A7B-2E79-48D5-B935-481D9A8D0160}.Debug|x64.ActiveCfg = Debug|Any CPU
		{BD5E4A7B-2E79-48D5-B935-481D9A8D0160}.Debug|x64.Build.0 = Debug|Any CPU
		{BD5E4A7B-2E79-48D5-B935-481D9A8D0160}.Debug|x86.ActiveCfg = Debug|Any CPU
		{BD5E4A7B-2E79-48D5-B935-481D9A8D0160}.Debug|x86.Build.0 = Debug|Any CPU
		{BD5E4A7B-2E79-48D5-B935-481D9A8D0160}.Release|Any CPU.ActiveCfg = Release|Any CPU
		{BD5E4A7B-2E79-48D5-B935-481D9A8D0160}.Release|Any CPU.Build.0 = Release|Any CPU
		{BD5E4A7B-2E79-48D5-B935-481D9A8D0160}.Release|x64.ActiveCfg = Release|Any CPU
		{BD5E4A7B-2E79-48D5-B935-481D9A8D0160}.Release|x64.Build.0 = Release|Any CPU
		{BD5E4A7B-2E79-48D5-B935-481D9A8D0160}.Release|x86.ActiveCfg = Release|Any CPU
		{BD5E4A7B-2E79-48D5-B935-481D9A8D0160}.Release|x86.Build.0 = Release|Any CPU
	EndGlobalSection
	GlobalSection(SolutionProperties) = preSolution
		HideSolutionNode = FALSE
	EndGlobalSection
	GlobalSection(NestedProjects) = preSolution
		{7EABA722-9136-40F0-B4AA-F8C766CB1D4C} = {827E0CD3-B72D-47B6-A68D-7590B98EB39B}
		{8F6F84F3-D4E2-44F5-9265-675E96AFF97D} = {827E0CD3-B72D-47B6-A68D-7590B98EB39B}
		{798889BD-0A51-43FE-9A99-B588095ACB1C} = {827E0CD3-B72D-47B6-A68D-7590B98EB39B}
		{0139F092-61BA-4248-B570-7E6AC5AC26D3} = {827E0CD3-B72D-47B6-A68D-7590B98EB39B}
		{B18F428C-6A36-40CD-A8E5-BB338B618278} = {827E0CD3-B72D-47B6-A68D-7590B98EB39B}
		{2FE88668-1A9B-4CA4-8638-BDA0808CFD92} = {827E0CD3-B72D-47B6-A68D-7590B98EB39B}
		{95C759DE-6405-4B16-9F1A-DC9FE754B13B} = {0AB3BF05-4346-4AA6-1389-037BE0695223}
		{BD5E4A7B-2E79-48D5-B935-481D9A8D0160} = {0AB3BF05-4346-4AA6-1389-037BE0695223}
	EndGlobalSection
EndGlobal
